// !$*UTF8*$!
{
	archiveVersion = 1;
	classes = {
	};
	objectVersion = 52;
	objects = {

/* Begin PBXBuildFile section */
		716BB5FD2611F62D0054F27B /* AppDelegate.swift in Sources */ = {isa = PBXBuildFile; fileRef = 716BB5FC2611F62D0054F27B /* AppDelegate.swift */; };
		716BB5FF2611F62D0054F27B /* SceneDelegate.swift in Sources */ = {isa = PBXBuildFile; fileRef = 716BB5FE2611F62D0054F27B /* SceneDelegate.swift */; };
		716BB6062611F62E0054F27B /* Assets.xcassets in Resources */ = {isa = PBXBuildFile; fileRef = 716BB6052611F62E0054F27B /* Assets.xcassets */; };
		716BB6092611F62E0054F27B /* LaunchScreen.storyboard in Resources */ = {isa = PBXBuildFile; fileRef = 716BB6072611F62E0054F27B /* LaunchScreen.storyboard */; };
		716BB6142611F7320054F27B /* RxCocoa in Frameworks */ = {isa = PBXBuildFile; productRef = 716BB6132611F7320054F27B /* RxCocoa */; };
		716BB6162611F7320054F27B /* RxSwift in Frameworks */ = {isa = PBXBuildFile; productRef = 716BB6152611F7320054F27B /* RxSwift */; };
		716BB61A2611F7AD0054F27B /* RealmSwift in Frameworks */ = {isa = PBXBuildFile; productRef = 716BB6192611F7AD0054F27B /* RealmSwift */; };
		716BB61C2611F7AD0054F27B /* Realm in Frameworks */ = {isa = PBXBuildFile; productRef = 716BB61B2611F7AD0054F27B /* Realm */; };
		716BB61F2611F7C90054F27B /* Alamofire in Frameworks */ = {isa = PBXBuildFile; productRef = 716BB61E2611F7C90054F27B /* Alamofire */; };
		716BB6262611FA1B0054F27B /* BaseViewController.swift in Sources */ = {isa = PBXBuildFile; fileRef = 716BB6252611FA1B0054F27B /* BaseViewController.swift */; };
		716BB62C2611FAAA0054F27B /* BaseMVVMViewController.swift in Sources */ = {isa = PBXBuildFile; fileRef = 716BB62B2611FAAA0054F27B /* BaseMVVMViewController.swift */; };
		716BB62F2611FB2E0054F27B /* BaseTabBarController.swift in Sources */ = {isa = PBXBuildFile; fileRef = 716BB62E2611FB2E0054F27B /* BaseTabBarController.swift */; };
		716BB6332611FBB10054F27B /* BaseViewModel.swift in Sources */ = {isa = PBXBuildFile; fileRef = 716BB6322611FBB10054F27B /* BaseViewModel.swift */; };
		716BB63C2611FC6C0054F27B /* Main.storyboard in Resources */ = {isa = PBXBuildFile; fileRef = 716BB63B2611FC6C0054F27B /* Main.storyboard */; };
		716BB63F2611FC7B0054F27B /* MainTabBarController.swift in Sources */ = {isa = PBXBuildFile; fileRef = 716BB63E2611FC7B0054F27B /* MainTabBarController.swift */; };
		716BB6422611FCB40054F27B /* MainViewModel.swift in Sources */ = {isa = PBXBuildFile; fileRef = 716BB6412611FCB40054F27B /* MainViewModel.swift */; };
		716BB6472611FD260054F27B /* AlbumListViewController.swift in Sources */ = {isa = PBXBuildFile; fileRef = 716BB6462611FD260054F27B /* AlbumListViewController.swift */; };
		716BB64B2611FD320054F27B /* BookmarkedListViewController.swift in Sources */ = {isa = PBXBuildFile; fileRef = 716BB64A2611FD320054F27B /* BookmarkedListViewController.swift */; };
		716BB6502611FE9F0054F27B /* AlbumListViewModel.swift in Sources */ = {isa = PBXBuildFile; fileRef = 716BB64F2611FE9F0054F27B /* AlbumListViewModel.swift */; };
		716BB655261202200054F27B /* AlbumListCell.swift in Sources */ = {isa = PBXBuildFile; fileRef = 716BB654261202200054F27B /* AlbumListCell.swift */; };
		716BB659261202290054F27B /* AlbumListCell.xib in Resources */ = {isa = PBXBuildFile; fileRef = 716BB658261202290054F27B /* AlbumListCell.xib */; };
		716BB65E261202680054F27B /* CustomCellable.swift in Sources */ = {isa = PBXBuildFile; fileRef = 716BB65D261202680054F27B /* CustomCellable.swift */; };
		716BB66226120A1E0054F27B /* Album.swift in Sources */ = {isa = PBXBuildFile; fileRef = 716BB66126120A1E0054F27B /* Album.swift */; };
		716BB67D2612108C0054F27B /* ObjectMapper in Frameworks */ = {isa = PBXBuildFile; productRef = 716BB67C2612108C0054F27B /* ObjectMapper */; };
		716BB683261212220054F27B /* NetworkManager.swift in Sources */ = {isa = PBXBuildFile; fileRef = 716BB682261212220054F27B /* NetworkManager.swift */; };
		716BB687261212E90054F27B /* NetworkService.swift in Sources */ = {isa = PBXBuildFile; fileRef = 716BB686261212E90054F27B /* NetworkService.swift */; };
		716BB68B2612153D0054F27B /* ItunesSearchResponse.swift in Sources */ = {isa = PBXBuildFile; fileRef = 716BB68A2612153D0054F27B /* ItunesSearchResponse.swift */; };
		716BB690261226D10054F27B /* NetworkServiceManager.swift in Sources */ = {isa = PBXBuildFile; fileRef = 716BB68F261226D10054F27B /* NetworkServiceManager.swift */; };
		716BB69526122EE60054F27B /* DateFormatTransform.swift in Sources */ = {isa = PBXBuildFile; fileRef = 716BB69426122EE60054F27B /* DateFormatTransform.swift */; };
		716BB69B26123B090054F27B /* Date+Ext.swift in Sources */ = {isa = PBXBuildFile; fileRef = 716BB69A26123B090054F27B /* Date+Ext.swift */; };
		716BB69F26123B6F0054F27B /* NSDecimalNumberTransform.swift in Sources */ = {isa = PBXBuildFile; fileRef = 716BB69E26123B6F0054F27B /* NSDecimalNumberTransform.swift */; };
		716BB6A226123CF60054F27B /* NSDecimalNumber+Ext.swift in Sources */ = {isa = PBXBuildFile; fileRef = 716BB6A126123CF60054F27B /* NSDecimalNumber+Ext.swift */; };
		716BB6A62612B9EC0054F27B /* BaseTableViewCell.swift in Sources */ = {isa = PBXBuildFile; fileRef = 716BB6A52612B9EC0054F27B /* BaseTableViewCell.swift */; };
		716BB6AA261346370054F27B /* AlamofireImage in Frameworks */ = {isa = PBXBuildFile; productRef = 716BB6A9261346370054F27B /* AlamofireImage */; };
		716BB6AD26134A360054F27B /* RealmServiceManager.swift in Sources */ = {isa = PBXBuildFile; fileRef = 716BB6AC26134A360054F27B /* RealmServiceManager.swift */; };
		716BB6B926136D060054F27B /* BookmarkedListViewModel.swift in Sources */ = {isa = PBXBuildFile; fileRef = 716BB6B826136D060054F27B /* BookmarkedListViewModel.swift */; };
/* End PBXBuildFile section */

/* Begin PBXFileReference section */
		716BB5F92611F62D0054F27B /* jack-johnson-album.app */ = {isa = PBXFileReference; explicitFileType = wrapper.application; includeInIndex = 0; path = "jack-johnson-album.app"; sourceTree = BUILT_PRODUCTS_DIR; };
		716BB5FC2611F62D0054F27B /* AppDelegate.swift */ = {isa = PBXFileReference; lastKnownFileType = sourcecode.swift; path = AppDelegate.swift; sourceTree = "<group>"; };
		716BB5FE2611F62D0054F27B /* SceneDelegate.swift */ = {isa = PBXFileReference; lastKnownFileType = sourcecode.swift; path = SceneDelegate.swift; sourceTree = "<group>"; };
		716BB6052611F62E0054F27B /* Assets.xcassets */ = {isa = PBXFileReference; lastKnownFileType = folder.assetcatalog; path = Assets.xcassets; sourceTree = "<group>"; };
		716BB6082611F62E0054F27B /* Base */ = {isa = PBXFileReference; lastKnownFileType = file.storyboard; name = Base; path = Base.lproj/LaunchScreen.storyboard; sourceTree = "<group>"; };
		716BB60A2611F62E0054F27B /* Info.plist */ = {isa = PBXFileReference; lastKnownFileType = text.plist.xml; path = Info.plist; sourceTree = "<group>"; };
		716BB6252611FA1B0054F27B /* BaseViewController.swift */ = {isa = PBXFileReference; lastKnownFileType = sourcecode.swift; path = BaseViewController.swift; sourceTree = "<group>"; };
		716BB62B2611FAAA0054F27B /* BaseMVVMViewController.swift */ = {isa = PBXFileReference; lastKnownFileType = sourcecode.swift; path = BaseMVVMViewController.swift; sourceTree = "<group>"; };
		716BB62E2611FB2E0054F27B /* BaseTabBarController.swift */ = {isa = PBXFileReference; lastKnownFileType = sourcecode.swift; path = BaseTabBarController.swift; sourceTree = "<group>"; };
		716BB6322611FBB10054F27B /* BaseViewModel.swift */ = {isa = PBXFileReference; lastKnownFileType = sourcecode.swift; path = BaseViewModel.swift; sourceTree = "<group>"; };
		716BB63B2611FC6C0054F27B /* Main.storyboard */ = {isa = PBXFileReference; lastKnownFileType = file.storyboard; path = Main.storyboard; sourceTree = "<group>"; };
		716BB63E2611FC7B0054F27B /* MainTabBarController.swift */ = {isa = PBXFileReference; lastKnownFileType = sourcecode.swift; path = MainTabBarController.swift; sourceTree = "<group>"; };
		716BB6412611FCB40054F27B /* MainViewModel.swift */ = {isa = PBXFileReference; lastKnownFileType = sourcecode.swift; path = MainViewModel.swift; sourceTree = "<group>"; };
		716BB6462611FD260054F27B /* AlbumListViewController.swift */ = {isa = PBXFileReference; lastKnownFileType = sourcecode.swift; path = AlbumListViewController.swift; sourceTree = "<group>"; };
		716BB64A2611FD320054F27B /* BookmarkedListViewController.swift */ = {isa = PBXFileReference; lastKnownFileType = sourcecode.swift; path = BookmarkedListViewController.swift; sourceTree = "<group>"; };
		716BB64F2611FE9F0054F27B /* AlbumListViewModel.swift */ = {isa = PBXFileReference; lastKnownFileType = sourcecode.swift; path = AlbumListViewModel.swift; sourceTree = "<group>"; };
		716BB654261202200054F27B /* AlbumListCell.swift */ = {isa = PBXFileReference; lastKnownFileType = sourcecode.swift; path = AlbumListCell.swift; sourceTree = "<group>"; };
		716BB658261202290054F27B /* AlbumListCell.xib */ = {isa = PBXFileReference; lastKnownFileType = file.xib; path = AlbumListCell.xib; sourceTree = "<group>"; };
		716BB65D261202680054F27B /* CustomCellable.swift */ = {isa = PBXFileReference; lastKnownFileType = sourcecode.swift; path = CustomCellable.swift; sourceTree = "<group>"; };
		716BB66126120A1E0054F27B /* Album.swift */ = {isa = PBXFileReference; lastKnownFileType = sourcecode.swift; path = Album.swift; sourceTree = "<group>"; };
		716BB682261212220054F27B /* NetworkManager.swift */ = {isa = PBXFileReference; lastKnownFileType = sourcecode.swift; path = NetworkManager.swift; sourceTree = "<group>"; };
		716BB686261212E90054F27B /* NetworkService.swift */ = {isa = PBXFileReference; lastKnownFileType = sourcecode.swift; path = NetworkService.swift; sourceTree = "<group>"; };
		716BB68A2612153D0054F27B /* ItunesSearchResponse.swift */ = {isa = PBXFileReference; lastKnownFileType = sourcecode.swift; path = ItunesSearchResponse.swift; sourceTree = "<group>"; };
		716BB68F261226D10054F27B /* NetworkServiceManager.swift */ = {isa = PBXFileReference; lastKnownFileType = sourcecode.swift; path = NetworkServiceManager.swift; sourceTree = "<group>"; };
		716BB69426122EE60054F27B /* DateFormatTransform.swift */ = {isa = PBXFileReference; lastKnownFileType = sourcecode.swift; path = DateFormatTransform.swift; sourceTree = "<group>"; };
		716BB69A26123B090054F27B /* Date+Ext.swift */ = {isa = PBXFileReference; lastKnownFileType = sourcecode.swift; path = "Date+Ext.swift"; sourceTree = "<group>"; };
		716BB69E26123B6F0054F27B /* NSDecimalNumberTransform.swift */ = {isa = PBXFileReference; lastKnownFileType = sourcecode.swift; path = NSDecimalNumberTransform.swift; sourceTree = "<group>"; };
		716BB6A126123CF60054F27B /* NSDecimalNumber+Ext.swift */ = {isa = PBXFileReference; lastKnownFileType = sourcecode.swift; path = "NSDecimalNumber+Ext.swift"; sourceTree = "<group>"; };
		716BB6A52612B9EC0054F27B /* BaseTableViewCell.swift */ = {isa = PBXFileReference; lastKnownFileType = sourcecode.swift; path = BaseTableViewCell.swift; sourceTree = "<group>"; };
		716BB6AC26134A360054F27B /* RealmServiceManager.swift */ = {isa = PBXFileReference; lastKnownFileType = sourcecode.swift; path = RealmServiceManager.swift; sourceTree = "<group>"; };
		716BB6B826136D060054F27B /* BookmarkedListViewModel.swift */ = {isa = PBXFileReference; lastKnownFileType = sourcecode.swift; path = BookmarkedListViewModel.swift; sourceTree = "<group>"; };
/* End PBXFileReference section */

/* Begin PBXFrameworksBuildPhase section */
		716BB5F62611F62D0054F27B /* Frameworks */ = {
			isa = PBXFrameworksBuildPhase;
			buildActionMask = 2147483647;
			files = (
				716BB67D2612108C0054F27B /* ObjectMapper in Frameworks */,
				716BB61F2611F7C90054F27B /* Alamofire in Frameworks */,
				716BB61A2611F7AD0054F27B /* RealmSwift in Frameworks */,
				716BB6162611F7320054F27B /* RxSwift in Frameworks */,
				716BB61C2611F7AD0054F27B /* Realm in Frameworks */,
				716BB6142611F7320054F27B /* RxCocoa in Frameworks */,
				716BB6AA261346370054F27B /* AlamofireImage in Frameworks */,
			);
			runOnlyForDeploymentPostprocessing = 0;
		};
/* End PBXFrameworksBuildPhase section */

/* Begin PBXGroup section */
		716BB5F02611F62D0054F27B = {
			isa = PBXGroup;
			children = (
				716BB5FB2611F62D0054F27B /* jack-johnson-album */,
				716BB5FA2611F62D0054F27B /* Products */,
			);
			sourceTree = "<group>";
		};
		716BB5FA2611F62D0054F27B /* Products */ = {
			isa = PBXGroup;
			children = (
				716BB5F92611F62D0054F27B /* jack-johnson-album.app */,
			);
			name = Products;
			sourceTree = "<group>";
		};
		716BB5FB2611F62D0054F27B /* jack-johnson-album */ = {
			isa = PBXGroup;
			children = (
				716BB5FC2611F62D0054F27B /* AppDelegate.swift */,
				716BB5FE2611F62D0054F27B /* SceneDelegate.swift */,
				716BB6052611F62E0054F27B /* Assets.xcassets */,
				716BB6072611F62E0054F27B /* LaunchScreen.storyboard */,
				716BB60A2611F62E0054F27B /* Info.plist */,
				716BB6BD26136E2F0054F27B /* Shared UI */,
				716BB6A42612B9C80054F27B /* Base tableView Cell */,
				716BB69926123AFE0054F27B /* Extension */,
				716BB69326122EBD0054F27B /* Mapping Transform Type */,
				716BB689261215190054F27B /* Responses */,
				716BB681261212140054F27B /* Services */,
				716BB6802612120C0054F27B /* Managers */,
				716BB66026120A110054F27B /* Models */,
				716BB65B261202530054F27B /* Protocols */,
				716BB6312611FB980054F27B /* Base view model */,
				716BB6242611F9530054F27B /* Base view controller */,
				716BB63A2611FC570054F27B /* Main */,
			);
			path = "jack-johnson-album";
			sourceTree = "<group>";
		};
		716BB6242611F9530054F27B /* Base view controller */ = {
			isa = PBXGroup;
			children = (
				716BB6252611FA1B0054F27B /* BaseViewController.swift */,
				716BB62B2611FAAA0054F27B /* BaseMVVMViewController.swift */,
				716BB62E2611FB2E0054F27B /* BaseTabBarController.swift */,
			);
			path = "Base view controller";
			sourceTree = "<group>";
		};
		716BB6312611FB980054F27B /* Base view model */ = {
			isa = PBXGroup;
			children = (
				716BB6322611FBB10054F27B /* BaseViewModel.swift */,
			);
			path = "Base view model";
			sourceTree = "<group>";
		};
		716BB63A2611FC570054F27B /* Main */ = {
			isa = PBXGroup;
			children = (
				716BB63B2611FC6C0054F27B /* Main.storyboard */,
				716BB63E2611FC7B0054F27B /* MainTabBarController.swift */,
				716BB6412611FCB40054F27B /* MainViewModel.swift */,
				716BB6442611FD020054F27B /* Album list */,
				716BB6452611FD0F0054F27B /* Bookmarked list */,
			);
			path = Main;
			sourceTree = "<group>";
		};
		716BB6442611FD020054F27B /* Album list */ = {
			isa = PBXGroup;
			children = (
				716BB6462611FD260054F27B /* AlbumListViewController.swift */,
				716BB64F2611FE9F0054F27B /* AlbumListViewModel.swift */,
			);
			path = "Album list";
			sourceTree = "<group>";
		};
		716BB6452611FD0F0054F27B /* Bookmarked list */ = {
			isa = PBXGroup;
			children = (
				716BB64A2611FD320054F27B /* BookmarkedListViewController.swift */,
				716BB6B826136D060054F27B /* BookmarkedListViewModel.swift */,
			);
			path = "Bookmarked list";
			sourceTree = "<group>";
		};
		716BB6522612020B0054F27B /* AlbumListCell */ = {
			isa = PBXGroup;
			children = (
				716BB654261202200054F27B /* AlbumListCell.swift */,
				716BB658261202290054F27B /* AlbumListCell.xib */,
			);
			path = AlbumListCell;
			sourceTree = "<group>";
		};
		716BB65B261202530054F27B /* Protocols */ = {
			isa = PBXGroup;
			children = (
				716BB65D261202680054F27B /* CustomCellable.swift */,
			);
			path = Protocols;
			sourceTree = "<group>";
		};
		716BB66026120A110054F27B /* Models */ = {
			isa = PBXGroup;
			children = (
				716BB66126120A1E0054F27B /* Album.swift */,
			);
			path = Models;
			sourceTree = "<group>";
		};
		716BB6802612120C0054F27B /* Managers */ = {
			isa = PBXGroup;
			children = (
				716BB682261212220054F27B /* NetworkManager.swift */,
				716BB68F261226D10054F27B /* NetworkServiceManager.swift */,
				716BB6AC26134A360054F27B /* RealmServiceManager.swift */,
			);
			path = Managers;
			sourceTree = "<group>";
		};
		716BB681261212140054F27B /* Services */ = {
			isa = PBXGroup;
			children = (
				716BB686261212E90054F27B /* NetworkService.swift */,
			);
			path = Services;
			sourceTree = "<group>";
		};
		716BB689261215190054F27B /* Responses */ = {
			isa = PBXGroup;
			children = (
				716BB68A2612153D0054F27B /* ItunesSearchResponse.swift */,
			);
			path = Responses;
			sourceTree = "<group>";
		};
		716BB69326122EBD0054F27B /* Mapping Transform Type */ = {
			isa = PBXGroup;
			children = (
				716BB69426122EE60054F27B /* DateFormatTransform.swift */,
				716BB69E26123B6F0054F27B /* NSDecimalNumberTransform.swift */,
			);
			path = "Mapping Transform Type";
			sourceTree = "<group>";
		};
		716BB69926123AFE0054F27B /* Extension */ = {
			isa = PBXGroup;
			children = (
				716BB69A26123B090054F27B /* Date+Ext.swift */,
				716BB6A126123CF60054F27B /* NSDecimalNumber+Ext.swift */,
			);
			path = Extension;
			sourceTree = "<group>";
		};
		716BB6A42612B9C80054F27B /* Base tableView Cell */ = {
			isa = PBXGroup;
			children = (
				716BB6A52612B9EC0054F27B /* BaseTableViewCell.swift */,
			);
			path = "Base tableView Cell";
			sourceTree = "<group>";
		};
		716BB6BD26136E2F0054F27B /* Shared UI */ = {
			isa = PBXGroup;
			children = (
				716BB6522612020B0054F27B /* AlbumListCell */,
			);
			path = "Shared UI";
			sourceTree = "<group>";
		};
/* End PBXGroup section */

/* Begin PBXNativeTarget section */
		716BB5F82611F62D0054F27B /* jack-johnson-album */ = {
			isa = PBXNativeTarget;
			buildConfigurationList = 716BB60D2611F62E0054F27B /* Build configuration list for PBXNativeTarget "jack-johnson-album" */;
			buildPhases = (
				716BB5F52611F62D0054F27B /* Sources */,
				716BB5F62611F62D0054F27B /* Frameworks */,
				716BB5F72611F62D0054F27B /* Resources */,
			);
			buildRules = (
			);
			dependencies = (
			);
			name = "jack-johnson-album";
			packageProductDependencies = (
				716BB6132611F7320054F27B /* RxCocoa */,
				716BB6152611F7320054F27B /* RxSwift */,
				716BB6192611F7AD0054F27B /* RealmSwift */,
				716BB61B2611F7AD0054F27B /* Realm */,
				716BB61E2611F7C90054F27B /* Alamofire */,
				716BB67C2612108C0054F27B /* ObjectMapper */,
				716BB6A9261346370054F27B /* AlamofireImage */,
			);
			productName = "jack-johnson-album";
			productReference = 716BB5F92611F62D0054F27B /* jack-johnson-album.app */;
			productType = "com.apple.product-type.application";
		};
/* End PBXNativeTarget section */

/* Begin PBXProject section */
		716BB5F12611F62D0054F27B /* Project object */ = {
			isa = PBXProject;
			attributes = {
				LastSwiftUpdateCheck = 1240;
				LastUpgradeCheck = 1240;
				TargetAttributes = {
					716BB5F82611F62D0054F27B = {
						CreatedOnToolsVersion = 12.4;
					};
				};
			};
			buildConfigurationList = 716BB5F42611F62D0054F27B /* Build configuration list for PBXProject "jack-johnson-album" */;
			compatibilityVersion = "Xcode 9.3";
			developmentRegion = en;
			hasScannedForEncodings = 0;
			knownRegions = (
				en,
				Base,
			);
			mainGroup = 716BB5F02611F62D0054F27B;
			packageReferences = (
				716BB6122611F7320054F27B /* XCRemoteSwiftPackageReference "RxSwift" */,
				716BB6182611F7AD0054F27B /* XCRemoteSwiftPackageReference "realm-cocoa" */,
				716BB61D2611F7C90054F27B /* XCRemoteSwiftPackageReference "Alamofire" */,
				716BB67B2612108C0054F27B /* XCRemoteSwiftPackageReference "ObjectMapper" */,
				716BB6A8261346370054F27B /* XCRemoteSwiftPackageReference "AlamofireImage" */,
			);
			productRefGroup = 716BB5FA2611F62D0054F27B /* Products */;
			projectDirPath = "";
			projectRoot = "";
			targets = (
				716BB5F82611F62D0054F27B /* jack-johnson-album */,
			);
		};
/* End PBXProject section */

/* Begin PBXResourcesBuildPhase section */
		716BB5F72611F62D0054F27B /* Resources */ = {
			isa = PBXResourcesBuildPhase;
			buildActionMask = 2147483647;
			files = (
				716BB63C2611FC6C0054F27B /* Main.storyboard in Resources */,
				716BB6092611F62E0054F27B /* LaunchScreen.storyboard in Resources */,
				716BB6062611F62E0054F27B /* Assets.xcassets in Resources */,
				716BB659261202290054F27B /* AlbumListCell.xib in Resources */,
			);
			runOnlyForDeploymentPostprocessing = 0;
		};
/* End PBXResourcesBuildPhase section */

/* Begin PBXSourcesBuildPhase section */
		716BB5F52611F62D0054F27B /* Sources */ = {
			isa = PBXSourcesBuildPhase;
			buildActionMask = 2147483647;
			files = (
				716BB5FD2611F62D0054F27B /* AppDelegate.swift in Sources */,
				716BB69F26123B6F0054F27B /* NSDecimalNumberTransform.swift in Sources */,
				716BB6B926136D060054F27B /* BookmarkedListViewModel.swift in Sources */,
				716BB6502611FE9F0054F27B /* AlbumListViewModel.swift in Sources */,
				716BB5FF2611F62D0054F27B /* SceneDelegate.swift in Sources */,
				716BB62F2611FB2E0054F27B /* BaseTabBarController.swift in Sources */,
				716BB690261226D10054F27B /* NetworkServiceManager.swift in Sources */,
				716BB65E261202680054F27B /* CustomCellable.swift in Sources */,
				716BB6A226123CF60054F27B /* NSDecimalNumber+Ext.swift in Sources */,
				716BB66226120A1E0054F27B /* Album.swift in Sources */,
				716BB64B2611FD320054F27B /* BookmarkedListViewController.swift in Sources */,
				716BB63F2611FC7B0054F27B /* MainTabBarController.swift in Sources */,
				716BB6262611FA1B0054F27B /* BaseViewController.swift in Sources */,
				716BB62C2611FAAA0054F27B /* BaseMVVMViewController.swift in Sources */,
				716BB687261212E90054F27B /* NetworkService.swift in Sources */,
				716BB6332611FBB10054F27B /* BaseViewModel.swift in Sources */,
				716BB6472611FD260054F27B /* AlbumListViewController.swift in Sources */,
				716BB68B2612153D0054F27B /* ItunesSearchResponse.swift in Sources */,
				716BB6AD26134A360054F27B /* RealmServiceManager.swift in Sources */,
				716BB683261212220054F27B /* NetworkManager.swift in Sources */,
				716BB6422611FCB40054F27B /* MainViewModel.swift in Sources */,
				716BB655261202200054F27B /* AlbumListCell.swift in Sources */,
				716BB6A62612B9EC0054F27B /* BaseTableViewCell.swift in Sources */,
				716BB69526122EE60054F27B /* DateFormatTransform.swift in Sources */,
				716BB69B26123B090054F27B /* Date+Ext.swift in Sources */,
			);
			runOnlyForDeploymentPostprocessing = 0;
		};
/* End PBXSourcesBuildPhase section */

/* Begin PBXVariantGroup section */
		716BB6072611F62E0054F27B /* LaunchScreen.storyboard */ = {
			isa = PBXVariantGroup;
			children = (
				716BB6082611F62E0054F27B /* Base */,
			);
			name = LaunchScreen.storyboard;
			sourceTree = "<group>";
		};
/* End PBXVariantGroup section */

/* Begin XCBuildConfiguration section */
		716BB60B2611F62E0054F27B /* Debug */ = {
			isa = XCBuildConfiguration;
			buildSettings = {
				ALWAYS_SEARCH_USER_PATHS = NO;
				CLANG_ANALYZER_NONNULL = YES;
				CLANG_ANALYZER_NUMBER_OBJECT_CONVERSION = YES_AGGRESSIVE;
				CLANG_CXX_LANGUAGE_STANDARD = "gnu++14";
				CLANG_CXX_LIBRARY = "libc++";
				CLANG_ENABLE_MODULES = YES;
				CLANG_ENABLE_OBJC_ARC = YES;
				CLANG_ENABLE_OBJC_WEAK = YES;
				CLANG_WARN_BLOCK_CAPTURE_AUTORELEASING = YES;
				CLANG_WARN_BOOL_CONVERSION = YES;
				CLANG_WARN_COMMA = YES;
				CLANG_WARN_CONSTANT_CONVERSION = YES;
				CLANG_WARN_DEPRECATED_OBJC_IMPLEMENTATIONS = YES;
				CLANG_WARN_DIRECT_OBJC_ISA_USAGE = YES_ERROR;
				CLANG_WARN_DOCUMENTATION_COMMENTS = YES;
				CLANG_WARN_EMPTY_BODY = YES;
				CLANG_WARN_ENUM_CONVERSION = YES;
				CLANG_WARN_INFINITE_RECURSION = YES;
				CLANG_WARN_INT_CONVERSION = YES;
				CLANG_WARN_NON_LITERAL_NULL_CONVERSION = YES;
				CLANG_WARN_OBJC_IMPLICIT_RETAIN_SELF = YES;
				CLANG_WARN_OBJC_LITERAL_CONVERSION = YES;
				CLANG_WARN_OBJC_ROOT_CLASS = YES_ERROR;
				CLANG_WARN_QUOTED_INCLUDE_IN_FRAMEWORK_HEADER = YES;
				CLANG_WARN_RANGE_LOOP_ANALYSIS = YES;
				CLANG_WARN_STRICT_PROTOTYPES = YES;
				CLANG_WARN_SUSPICIOUS_MOVE = YES;
				CLANG_WARN_UNGUARDED_AVAILABILITY = YES_AGGRESSIVE;
				CLANG_WARN_UNREACHABLE_CODE = YES;
				CLANG_WARN__DUPLICATE_METHOD_MATCH = YES;
				COPY_PHASE_STRIP = NO;
				DEBUG_INFORMATION_FORMAT = dwarf;
				ENABLE_STRICT_OBJC_MSGSEND = YES;
				ENABLE_TESTABILITY = YES;
				GCC_C_LANGUAGE_STANDARD = gnu11;
				GCC_DYNAMIC_NO_PIC = NO;
				GCC_NO_COMMON_BLOCKS = YES;
				GCC_OPTIMIZATION_LEVEL = 0;
				GCC_PREPROCESSOR_DEFINITIONS = (
					"DEBUG=1",
					"$(inherited)",
				);
				GCC_WARN_64_TO_32_BIT_CONVERSION = YES;
				GCC_WARN_ABOUT_RETURN_TYPE = YES_ERROR;
				GCC_WARN_UNDECLARED_SELECTOR = YES;
				GCC_WARN_UNINITIALIZED_AUTOS = YES_AGGRESSIVE;
				GCC_WARN_UNUSED_FUNCTION = YES;
				GCC_WARN_UNUSED_VARIABLE = YES;
				IPHONEOS_DEPLOYMENT_TARGET = 14.4;
				MTL_ENABLE_DEBUG_INFO = INCLUDE_SOURCE;
				MTL_FAST_MATH = YES;
				ONLY_ACTIVE_ARCH = YES;
				SDKROOT = iphoneos;
				SWIFT_ACTIVE_COMPILATION_CONDITIONS = DEBUG;
				SWIFT_OPTIMIZATION_LEVEL = "-Onone";
			};
			name = Debug;
		};
		716BB60C2611F62E0054F27B /* Release */ = {
			isa = XCBuildConfiguration;
			buildSettings = {
				ALWAYS_SEARCH_USER_PATHS = NO;
				CLANG_ANALYZER_NONNULL = YES;
				CLANG_ANALYZER_NUMBER_OBJECT_CONVERSION = YES_AGGRESSIVE;
				CLANG_CXX_LANGUAGE_STANDARD = "gnu++14";
				CLANG_CXX_LIBRARY = "libc++";
				CLANG_ENABLE_MODULES = YES;
				CLANG_ENABLE_OBJC_ARC = YES;
				CLANG_ENABLE_OBJC_WEAK = YES;
				CLANG_WARN_BLOCK_CAPTURE_AUTORELEASING = YES;
				CLANG_WARN_BOOL_CONVERSION = YES;
				CLANG_WARN_COMMA = YES;
				CLANG_WARN_CONSTANT_CONVERSION = YES;
				CLANG_WARN_DEPRECATED_OBJC_IMPLEMENTATIONS = YES;
				CLANG_WARN_DIRECT_OBJC_ISA_USAGE = YES_ERROR;
				CLANG_WARN_DOCUMENTATION_COMMENTS = YES;
				CLANG_WARN_EMPTY_BODY = YES;
				CLANG_WARN_ENUM_CONVERSION = YES;
				CLANG_WARN_INFINITE_RECURSION = YES;
				CLANG_WARN_INT_CONVERSION = YES;
				CLANG_WARN_NON_LITERAL_NULL_CONVERSION = YES;
				CLANG_WARN_OBJC_IMPLICIT_RETAIN_SELF = YES;
				CLANG_WARN_OBJC_LITERAL_CONVERSION = YES;
				CLANG_WARN_OBJC_ROOT_CLASS = YES_ERROR;
				CLANG_WARN_QUOTED_INCLUDE_IN_FRAMEWORK_HEADER = YES;
				CLANG_WARN_RANGE_LOOP_ANALYSIS = YES;
				CLANG_WARN_STRICT_PROTOTYPES = YES;
				CLANG_WARN_SUSPICIOUS_MOVE = YES;
				CLANG_WARN_UNGUARDED_AVAILABILITY = YES_AGGRESSIVE;
				CLANG_WARN_UNREACHABLE_CODE = YES;
				CLANG_WARN__DUPLICATE_METHOD_MATCH = YES;
				COPY_PHASE_STRIP = NO;
				DEBUG_INFORMATION_FORMAT = "dwarf-with-dsym";
				ENABLE_NS_ASSERTIONS = NO;
				ENABLE_STRICT_OBJC_MSGSEND = YES;
				GCC_C_LANGUAGE_STANDARD = gnu11;
				GCC_NO_COMMON_BLOCKS = YES;
				GCC_WARN_64_TO_32_BIT_CONVERSION = YES;
				GCC_WARN_ABOUT_RETURN_TYPE = YES_ERROR;
				GCC_WARN_UNDECLARED_SELECTOR = YES;
				GCC_WARN_UNINITIALIZED_AUTOS = YES_AGGRESSIVE;
				GCC_WARN_UNUSED_FUNCTION = YES;
				GCC_WARN_UNUSED_VARIABLE = YES;
				IPHONEOS_DEPLOYMENT_TARGET = 14.4;
				MTL_ENABLE_DEBUG_INFO = NO;
				MTL_FAST_MATH = YES;
				SDKROOT = iphoneos;
				SWIFT_COMPILATION_MODE = wholemodule;
				SWIFT_OPTIMIZATION_LEVEL = "-O";
				VALIDATE_PRODUCT = YES;
			};
			name = Release;
		};
		716BB60E2611F62E0054F27B /* Debug */ = {
			isa = XCBuildConfiguration;
			buildSettings = {
				ASSETCATALOG_COMPILER_APPICON_NAME = AppIcon;
				ASSETCATALOG_COMPILER_GLOBAL_ACCENT_COLOR_NAME = AccentColor;
				CODE_SIGN_STYLE = Automatic;
				DEVELOPMENT_TEAM = B44JQ4HGJ4;
				INFOPLIST_FILE = "jack-johnson-album/Info.plist";
				LD_RUNPATH_SEARCH_PATHS = (
					"$(inherited)",
					"@executable_path/Frameworks",
				);
				PRODUCT_BUNDLE_IDENTIFIER = "com.ray.jack-johnson-album";
				PRODUCT_NAME = "$(TARGET_NAME)";
				SWIFT_VERSION = 5.0;
				TARGETED_DEVICE_FAMILY = "1,2";
			};
			name = Debug;
		};
		716BB60F2611F62E0054F27B /* Release */ = {
			isa = XCBuildConfiguration;
			buildSettings = {
				ASSETCATALOG_COMPILER_APPICON_NAME = AppIcon;
				ASSETCATALOG_COMPILER_GLOBAL_ACCENT_COLOR_NAME = AccentColor;
				CODE_SIGN_STYLE = Automatic;
				DEVELOPMENT_TEAM = B44JQ4HGJ4;
				INFOPLIST_FILE = "jack-johnson-album/Info.plist";
				LD_RUNPATH_SEARCH_PATHS = (
					"$(inherited)",
					"@executable_path/Frameworks",
				);
				PRODUCT_BUNDLE_IDENTIFIER = "com.ray.jack-johnson-album";
				PRODUCT_NAME = "$(TARGET_NAME)";
				SWIFT_VERSION = 5.0;
				TARGETED_DEVICE_FAMILY = "1,2";
			};
			name = Release;
		};
/* End XCBuildConfiguration section */

/* Begin XCConfigurationList section */
		716BB5F42611F62D0054F27B /* Build configuration list for PBXProject "jack-johnson-album" */ = {
			isa = XCConfigurationList;
			buildConfigurations = (
				716BB60B2611F62E0054F27B /* Debug */,
				716BB60C2611F62E0054F27B /* Release */,
			);
			defaultConfigurationIsVisible = 0;
			defaultConfigurationName = Release;
		};
		716BB60D2611F62E0054F27B /* Build configuration list for PBXNativeTarget "jack-johnson-album" */ = {
			isa = XCConfigurationList;
			buildConfigurations = (
				716BB60E2611F62E0054F27B /* Debug */,
				716BB60F2611F62E0054F27B /* Release */,
			);
			defaultConfigurationIsVisible = 0;
			defaultConfigurationName = Release;
		};
/* End XCConfigurationList section */

/* Begin XCRemoteSwiftPackageReference section */
		716BB6122611F7320054F27B /* XCRemoteSwiftPackageReference "RxSwift" */ = {
			isa = XCRemoteSwiftPackageReference;
			repositoryURL = "https://github.com/ReactiveX/RxSwift";
			requirement = {
				kind = exactVersion;
				version = 6.1.0;
			};
		};
		716BB6182611F7AD0054F27B /* XCRemoteSwiftPackageReference "realm-cocoa" */ = {
			isa = XCRemoteSwiftPackageReference;
			repositoryURL = "https://github.com/realm/realm-cocoa";
			requirement = {
				kind = exactVersion;
				version = 10.7.2;
			};
		};
		716BB61D2611F7C90054F27B /* XCRemoteSwiftPackageReference "Alamofire" */ = {
			isa = XCRemoteSwiftPackageReference;
			repositoryURL = "https://github.com/Alamofire/Alamofire.git";
			requirement = {
				kind = exactVersion;
				version = 5.4.1;
			};
		};
		716BB67B2612108C0054F27B /* XCRemoteSwiftPackageReference "ObjectMapper" */ = {
			isa = XCRemoteSwiftPackageReference;
			repositoryURL = "https://github.com/tristanhimmelman/ObjectMapper";
			requirement = {
				kind = exactVersion;
				version = 4.2.0;
			};
		};
		716BB6A8261346370054F27B /* XCRemoteSwiftPackageReference "AlamofireImage" */ = {
			isa = XCRemoteSwiftPackageReference;
			repositoryURL = "https://github.com/Alamofire/AlamofireImage.git";
			requirement = {
				kind = exactVersion;
				version = 4.1.0;
			};
		};
/* End XCRemoteSwiftPackageReference section */

/* Begin XCSwiftPackageProductDependency section */
		716BB6132611F7320054F27B /* RxCocoa */ = {
			isa = XCSwiftPackageProductDependency;
			package = 716BB6122611F7320054F27B /* XCRemoteSwiftPackageReference "RxSwift" */;
			productName = RxCocoa;
		};
		716BB6152611F7320054F27B /* RxSwift */ = {
			isa = XCSwiftPackageProductDependency;
			package = 716BB6122611F7320054F27B /* XCRemoteSwiftPackageReference "RxSwift" */;
			productName = RxSwift;
		};
		716BB6192611F7AD0054F27B /* RealmSwift */ = {
			isa = XCSwiftPackageProductDependency;
			package = 716BB6182611F7AD0054F27B /* XCRemoteSwiftPackageReference "realm-cocoa" */;
			productName = RealmSwift;
		};
		716BB61B2611F7AD0054F27B /* Realm */ = {
			isa = XCSwiftPackageProductDependency;
			package = 716BB6182611F7AD0054F27B /* XCRemoteSwiftPackageReference "realm-cocoa" */;
			productName = Realm;
		};
		716BB61E2611F7C90054F27B /* Alamofire */ = {
			isa = XCSwiftPackageProductDependency;
			package = 716BB61D2611F7C90054F27B /* XCRemoteSwiftPackageReference "Alamofire" */;
			productName = Alamofire;
		};
		716BB67C2612108C0054F27B /* ObjectMapper */ = {
			isa = XCSwiftPackageProductDependency;
			package = 716BB67B2612108C0054F27B /* XCRemoteSwiftPackageReference "ObjectMapper" */;
			productName = ObjectMapper;
		};
		716BB6A9261346370054F27B /* AlamofireImage */ = {
			isa = XCSwiftPackageProductDependency;
			package = 716BB6A8261346370054F27B /* XCRemoteSwiftPackageReference "AlamofireImage" */;
			productName = AlamofireImage;
		};
/* End XCSwiftPackageProductDependency section */
	};
	rootObject = 716BB5F12611F62D0054F27B /* Project object */;
}
